// !$*UTF8*$!
{
	archiveVersion = 1;
	classes = {
	};
	objectVersion = 56;
	objects = {

/* Begin PBXBuildFile section */
		45016DA32C01180100EDC5EE /* GamePageViewController.swift in Sources */ = {isa = PBXBuildFile; fileRef = 45016DA22C01180100EDC5EE /* GamePageViewController.swift */; };
		45016DA52C01187500EDC5EE /* GamePageViewModel.swift in Sources */ = {isa = PBXBuildFile; fileRef = 45016DA42C01187500EDC5EE /* GamePageViewModel.swift */; };
		45016DA72C011B2100EDC5EE /* GamePageView.swift in Sources */ = {isa = PBXBuildFile; fileRef = 45016DA62C011B2100EDC5EE /* GamePageView.swift */; };
		45037DEB2C00E5A60061F2F7 /* Lottie in Frameworks */ = {isa = PBXBuildFile; productRef = 45037DEA2C00E5A60061F2F7 /* Lottie */; };
		45037DED2C00E6E90061F2F7 /* mario.json in Resources */ = {isa = PBXBuildFile; fileRef = 45037DEC2C00E6E90061F2F7 /* mario.json */; };
		45037DEF2C00E7530061F2F7 /* pacman.json in Resources */ = {isa = PBXBuildFile; fileRef = 45037DEE2C00E7530061F2F7 /* pacman.json */; };
		45340F982BFF7491002D3A6B /* HomeViewModel.swift in Sources */ = {isa = PBXBuildFile; fileRef = 45340F972BFF7491002D3A6B /* HomeViewModel.swift */; };
		45340F9A2BFF7F0A002D3A6B /* GamesUIModel.swift in Sources */ = {isa = PBXBuildFile; fileRef = 45340F992BFF7F0A002D3A6B /* GamesUIModel.swift */; };
		45340F9D2BFF8028002D3A6B /* LoadingView.swift in Sources */ = {isa = PBXBuildFile; fileRef = 45340F9C2BFF8028002D3A6B /* LoadingView.swift */; };
		45340FA32BFFABDE002D3A6B /* TypeAlias.swift in Sources */ = {isa = PBXBuildFile; fileRef = 45340FA22BFFABDE002D3A6B /* TypeAlias.swift */; };
		45340FA52BFFADA3002D3A6B /* LoadingShowable.swift in Sources */ = {isa = PBXBuildFile; fileRef = 45340FA42BFFADA3002D3A6B /* LoadingShowable.swift */; };
		45340FA82C0004CD002D3A6B /* GamesCollectionViewCell.swift in Sources */ = {isa = PBXBuildFile; fileRef = 45340FA62C0004CD002D3A6B /* GamesCollectionViewCell.swift */; };
		45340FA92C0004CD002D3A6B /* GamesCollectionViewCell.xib in Resources */ = {isa = PBXBuildFile; fileRef = 45340FA72C0004CD002D3A6B /* GamesCollectionViewCell.xib */; };
		455131CA2C00B44F00530D2E /* AlertExtension.swift in Sources */ = {isa = PBXBuildFile; fileRef = 455131C92C00B44F00530D2E /* AlertExtension.swift */; };
		45D0F6502BFCF2BE006F2729 /* Collection.swift in Sources */ = {isa = PBXBuildFile; fileRef = 45D0F64F2BFCF2BE006F2729 /* Collection.swift */; };
		45D0F6542BFCF2DF006F2729 /* UICollectionView.swift in Sources */ = {isa = PBXBuildFile; fileRef = 45D0F6532BFCF2DF006F2729 /* UICollectionView.swift */; };
		45D0F6562BFCF32C006F2729 /* ClassName.swift in Sources */ = {isa = PBXBuildFile; fileRef = 45D0F6552BFCF32C006F2729 /* ClassName.swift */; };
		45D0F6582BFCFF1C006F2729 /* Game.swift in Sources */ = {isa = PBXBuildFile; fileRef = 45D0F6572BFCFF1C006F2729 /* Game.swift */; };
		45D0F65A2BFD000C006F2729 /* APIRequest.swift in Sources */ = {isa = PBXBuildFile; fileRef = 45D0F6592BFD000C006F2729 /* APIRequest.swift */; };
		45D0F65C2BFD00B5006F2729 /* GameDetails.swift in Sources */ = {isa = PBXBuildFile; fileRef = 45D0F65B2BFD00B5006F2729 /* GameDetails.swift */; };
		45EF7C972BF7E8540058F562 /* AppDelegate.swift in Sources */ = {isa = PBXBuildFile; fileRef = 45EF7C962BF7E8540058F562 /* AppDelegate.swift */; };
		45EF7C992BF7E8540058F562 /* SceneDelegate.swift in Sources */ = {isa = PBXBuildFile; fileRef = 45EF7C982BF7E8540058F562 /* SceneDelegate.swift */; };
		45EF7C9B2BF7E8540058F562 /* HomeViewController.swift in Sources */ = {isa = PBXBuildFile; fileRef = 45EF7C9A2BF7E8540058F562 /* HomeViewController.swift */; };
		45EF7C9E2BF7E8540058F562 /* Base in Resources */ = {isa = PBXBuildFile; fileRef = 45EF7C9D2BF7E8540058F562 /* Base */; };
		45EF7CA12BF7E8540058F562 /* GameBox_MVVM.xcdatamodeld in Sources */ = {isa = PBXBuildFile; fileRef = 45EF7C9F2BF7E8540058F562 /* GameBox_MVVM.xcdatamodeld */; };
		45EF7CA32BF7E8550058F562 /* Assets.xcassets in Resources */ = {isa = PBXBuildFile; fileRef = 45EF7CA22BF7E8550058F562 /* Assets.xcassets */; };
		45EF7CA62BF7E8550058F562 /* Base in Resources */ = {isa = PBXBuildFile; fileRef = 45EF7CA52BF7E8550058F562 /* Base */; };
		45EF7CBC2BFB81770058F562 /* API.swift in Sources */ = {isa = PBXBuildFile; fileRef = 45EF7CBB2BFB81770058F562 /* API.swift */; };
/* End PBXBuildFile section */

/* Begin PBXFileReference section */
		45016DA22C01180100EDC5EE /* GamePageViewController.swift */ = {isa = PBXFileReference; lastKnownFileType = sourcecode.swift; path = GamePageViewController.swift; sourceTree = "<group>"; };
		45016DA42C01187500EDC5EE /* GamePageViewModel.swift */ = {isa = PBXFileReference; lastKnownFileType = sourcecode.swift; path = GamePageViewModel.swift; sourceTree = "<group>"; };
		45016DA62C011B2100EDC5EE /* GamePageView.swift */ = {isa = PBXFileReference; lastKnownFileType = sourcecode.swift; path = GamePageView.swift; sourceTree = "<group>"; };
		45037DEC2C00E6E90061F2F7 /* mario.json */ = {isa = PBXFileReference; fileEncoding = 4; lastKnownFileType = text.json; path = mario.json; sourceTree = "<group>"; };
		45037DEE2C00E7530061F2F7 /* pacman.json */ = {isa = PBXFileReference; fileEncoding = 4; lastKnownFileType = text.json; path = pacman.json; sourceTree = "<group>"; };
		45340F972BFF7491002D3A6B /* HomeViewModel.swift */ = {isa = PBXFileReference; lastKnownFileType = sourcecode.swift; path = HomeViewModel.swift; sourceTree = "<group>"; };
		45340F992BFF7F0A002D3A6B /* GamesUIModel.swift */ = {isa = PBXFileReference; lastKnownFileType = sourcecode.swift; path = GamesUIModel.swift; sourceTree = "<group>"; };
		45340F9C2BFF8028002D3A6B /* LoadingView.swift */ = {isa = PBXFileReference; lastKnownFileType = sourcecode.swift; path = LoadingView.swift; sourceTree = "<group>"; };
		45340FA22BFFABDE002D3A6B /* TypeAlias.swift */ = {isa = PBXFileReference; lastKnownFileType = sourcecode.swift; path = TypeAlias.swift; sourceTree = "<group>"; };
		45340FA42BFFADA3002D3A6B /* LoadingShowable.swift */ = {isa = PBXFileReference; lastKnownFileType = sourcecode.swift; path = LoadingShowable.swift; sourceTree = "<group>"; };
		45340FA62C0004CD002D3A6B /* GamesCollectionViewCell.swift */ = {isa = PBXFileReference; lastKnownFileType = sourcecode.swift; path = GamesCollectionViewCell.swift; sourceTree = "<group>"; };
		45340FA72C0004CD002D3A6B /* GamesCollectionViewCell.xib */ = {isa = PBXFileReference; lastKnownFileType = file.xib; path = GamesCollectionViewCell.xib; sourceTree = "<group>"; };
		455131C92C00B44F00530D2E /* AlertExtension.swift */ = {isa = PBXFileReference; lastKnownFileType = sourcecode.swift; path = AlertExtension.swift; sourceTree = "<group>"; };
		45D0F64F2BFCF2BE006F2729 /* Collection.swift */ = {isa = PBXFileReference; lastKnownFileType = sourcecode.swift; path = Collection.swift; sourceTree = "<group>"; };
		45D0F6532BFCF2DF006F2729 /* UICollectionView.swift */ = {isa = PBXFileReference; lastKnownFileType = sourcecode.swift; path = UICollectionView.swift; sourceTree = "<group>"; };
		45D0F6552BFCF32C006F2729 /* ClassName.swift */ = {isa = PBXFileReference; lastKnownFileType = sourcecode.swift; path = ClassName.swift; sourceTree = "<group>"; };
		45D0F6572BFCFF1C006F2729 /* Game.swift */ = {isa = PBXFileReference; lastKnownFileType = sourcecode.swift; path = Game.swift; sourceTree = "<group>"; };
		45D0F6592BFD000C006F2729 /* APIRequest.swift */ = {isa = PBXFileReference; lastKnownFileType = sourcecode.swift; path = APIRequest.swift; sourceTree = "<group>"; };
		45D0F65B2BFD00B5006F2729 /* GameDetails.swift */ = {isa = PBXFileReference; lastKnownFileType = sourcecode.swift; path = GameDetails.swift; sourceTree = "<group>"; };
		45EF7C932BF7E8540058F562 /* GameBox-MVVM.app */ = {isa = PBXFileReference; explicitFileType = wrapper.application; includeInIndex = 0; path = "GameBox-MVVM.app"; sourceTree = BUILT_PRODUCTS_DIR; };
		45EF7C962BF7E8540058F562 /* AppDelegate.swift */ = {isa = PBXFileReference; lastKnownFileType = sourcecode.swift; path = AppDelegate.swift; sourceTree = "<group>"; };
		45EF7C982BF7E8540058F562 /* SceneDelegate.swift */ = {isa = PBXFileReference; lastKnownFileType = sourcecode.swift; path = SceneDelegate.swift; sourceTree = "<group>"; };
		45EF7C9A2BF7E8540058F562 /* HomeViewController.swift */ = {isa = PBXFileReference; lastKnownFileType = sourcecode.swift; path = HomeViewController.swift; sourceTree = "<group>"; };
		45EF7C9D2BF7E8540058F562 /* Base */ = {isa = PBXFileReference; lastKnownFileType = file.storyboard; name = Base; path = Base.lproj/Main.storyboard; sourceTree = "<group>"; };
		45EF7CA02BF7E8540058F562 /* GameBox_MVVM.xcdatamodel */ = {isa = PBXFileReference; lastKnownFileType = wrapper.xcdatamodel; path = GameBox_MVVM.xcdatamodel; sourceTree = "<group>"; };
		45EF7CA22BF7E8550058F562 /* Assets.xcassets */ = {isa = PBXFileReference; lastKnownFileType = folder.assetcatalog; path = Assets.xcassets; sourceTree = "<group>"; };
		45EF7CA52BF7E8550058F562 /* Base */ = {isa = PBXFileReference; lastKnownFileType = file.storyboard; name = Base; path = Base.lproj/LaunchScreen.storyboard; sourceTree = "<group>"; };
		45EF7CA72BF7E8550058F562 /* Info.plist */ = {isa = PBXFileReference; lastKnownFileType = text.plist.xml; path = Info.plist; sourceTree = "<group>"; };
		45EF7CBB2BFB81770058F562 /* API.swift */ = {isa = PBXFileReference; lastKnownFileType = sourcecode.swift; path = API.swift; sourceTree = "<group>"; };
/* End PBXFileReference section */

/* Begin PBXFrameworksBuildPhase section */
		45EF7C902BF7E8540058F562 /* Frameworks */ = {
			isa = PBXFrameworksBuildPhase;
			buildActionMask = 2147483647;
			files = (
				45037DEB2C00E5A60061F2F7 /* Lottie in Frameworks */,
			);
			runOnlyForDeploymentPostprocessing = 0;
		};
/* End PBXFrameworksBuildPhase section */

/* Begin PBXGroup section */
		45340F9B2BFF8013002D3A6B /* Utilities */ = {
			isa = PBXGroup;
			children = (
				45340F9C2BFF8028002D3A6B /* LoadingView.swift */,
				45340FA22BFFABDE002D3A6B /* TypeAlias.swift */,
				45340FA42BFFADA3002D3A6B /* LoadingShowable.swift */,
				45016DA62C011B2100EDC5EE /* GamePageView.swift */,
			);
			path = Utilities;
			sourceTree = "<group>";
		};
		45EF7C8A2BF7E8540058F562 = {
			isa = PBXGroup;
			children = (
				45EF7C952BF7E8540058F562 /* GameBox-MVVM */,
				45EF7C942BF7E8540058F562 /* Products */,
			);
			sourceTree = "<group>";
		};
		45EF7C942BF7E8540058F562 /* Products */ = {
			isa = PBXGroup;
			children = (
				45EF7C932BF7E8540058F562 /* GameBox-MVVM.app */,
			);
			name = Products;
			sourceTree = "<group>";
		};
		45EF7C952BF7E8540058F562 /* GameBox-MVVM */ = {
			isa = PBXGroup;
			children = (
				45340F9B2BFF8013002D3A6B /* Utilities */,
				45EF7CB52BFB7E800058F562 /* App */,
				45EF7CAF2BFB7D240058F562 /* Scenes */,
				45EF7CAD2BFB7CF90058F562 /* Extensions */,
				45EF7CB42BFB7D840058F562 /* Network */,
				45EF7CA72BF7E8550058F562 /* Info.plist */,
				45EF7CA22BF7E8550058F562 /* Assets.xcassets */,
				45037DEC2C00E6E90061F2F7 /* mario.json */,
				45037DEE2C00E7530061F2F7 /* pacman.json */,
				45EF7C9F2BF7E8540058F562 /* GameBox_MVVM.xcdatamodeld */,
			);
			path = "GameBox-MVVM";
			sourceTree = "<group>";
		};
		45EF7CAD2BFB7CF90058F562 /* Extensions */ = {
			isa = PBXGroup;
			children = (
				45D0F64F2BFCF2BE006F2729 /* Collection.swift */,
				45D0F6532BFCF2DF006F2729 /* UICollectionView.swift */,
				45D0F6552BFCF32C006F2729 /* ClassName.swift */,
				455131C92C00B44F00530D2E /* AlertExtension.swift */,
			);
			path = Extensions;
			sourceTree = "<group>";
		};
		45EF7CAE2BFB7D1B0058F562 /* Cells */ = {
			isa = PBXGroup;
			children = (
				45340FA62C0004CD002D3A6B /* GamesCollectionViewCell.swift */,
				45340FA72C0004CD002D3A6B /* GamesCollectionViewCell.xib */,
			);
			path = Cells;
			sourceTree = "<group>";
		};
		45EF7CAF2BFB7D240058F562 /* Scenes */ = {
			isa = PBXGroup;
			children = (
				45EF7CAE2BFB7D1B0058F562 /* Cells */,
				45EF7CB12BFB7D390058F562 /* Models */,
				45EF7CB82BFB7F390058F562 /* Views */,
				45EF7CB72BFB7EB60058F562 /* ViewControllers */,
				45EF7CB02BFB7D2E0058F562 /* ViewModels */,
			);
			path = Scenes;
			sourceTree = "<group>";
		};
		45EF7CB02BFB7D2E0058F562 /* ViewModels */ = {
			isa = PBXGroup;
			children = (
				45340F972BFF7491002D3A6B /* HomeViewModel.swift */,
				45016DA42C01187500EDC5EE /* GamePageViewModel.swift */,
			);
			path = ViewModels;
			sourceTree = "<group>";
		};
		45EF7CB12BFB7D390058F562 /* Models */ = {
			isa = PBXGroup;
			children = (
				45D0F6572BFCFF1C006F2729 /* Game.swift */,
				45D0F65B2BFD00B5006F2729 /* GameDetails.swift */,
				45340F992BFF7F0A002D3A6B /* GamesUIModel.swift */,
			);
			path = Models;
			sourceTree = "<group>";
		};
		45EF7CB42BFB7D840058F562 /* Network */ = {
			isa = PBXGroup;
			children = (
				45EF7CBB2BFB81770058F562 /* API.swift */,
				45D0F6592BFD000C006F2729 /* APIRequest.swift */,
			);
			path = Network;
			sourceTree = "<group>";
		};
		45EF7CB52BFB7E800058F562 /* App */ = {
			isa = PBXGroup;
			children = (
				45EF7C962BF7E8540058F562 /* AppDelegate.swift */,
				45EF7C982BF7E8540058F562 /* SceneDelegate.swift */,
			);
			path = App;
			sourceTree = "<group>";
		};
		45EF7CB72BFB7EB60058F562 /* ViewControllers */ = {
			isa = PBXGroup;
			children = (
				45EF7C9A2BF7E8540058F562 /* HomeViewController.swift */,
				45016DA22C01180100EDC5EE /* GamePageViewController.swift */,
			);
			path = ViewControllers;
			sourceTree = "<group>";
		};
		45EF7CB82BFB7F390058F562 /* Views */ = {
			isa = PBXGroup;
			children = (
				45EF7CA42BF7E8550058F562 /* LaunchScreen.storyboard */,
				45EF7C9C2BF7E8540058F562 /* Main.storyboard */,
			);
			path = Views;
			sourceTree = "<group>";
		};
/* End PBXGroup section */

/* Begin PBXNativeTarget section */
		45EF7C922BF7E8540058F562 /* GameBox-MVVM */ = {
			isa = PBXNativeTarget;
			buildConfigurationList = 45EF7CAA2BF7E8550058F562 /* Build configuration list for PBXNativeTarget "GameBox-MVVM" */;
			buildPhases = (
				45EF7C8F2BF7E8540058F562 /* Sources */,
				45EF7C902BF7E8540058F562 /* Frameworks */,
				45EF7C912BF7E8540058F562 /* Resources */,
			);
			buildRules = (
			);
			dependencies = (
			);
			name = "GameBox-MVVM";
			packageProductDependencies = (
				45037DEA2C00E5A60061F2F7 /* Lottie */,
			);
			productName = "GameBox-MVVM";
			productReference = 45EF7C932BF7E8540058F562 /* GameBox-MVVM.app */;
			productType = "com.apple.product-type.application";
		};
/* End PBXNativeTarget section */

/* Begin PBXProject section */
		45EF7C8B2BF7E8540058F562 /* Project object */ = {
			isa = PBXProject;
			attributes = {
				BuildIndependentTargetsInParallel = 1;
				LastSwiftUpdateCheck = 1530;
				LastUpgradeCheck = 1530;
				TargetAttributes = {
					45EF7C922BF7E8540058F562 = {
						CreatedOnToolsVersion = 15.3;
					};
				};
			};
			buildConfigurationList = 45EF7C8E2BF7E8540058F562 /* Build configuration list for PBXProject "GameBox-MVVM" */;
			compatibilityVersion = "Xcode 14.0";
			developmentRegion = en;
			hasScannedForEncodings = 0;
			knownRegions = (
				en,
				Base,
			);
			mainGroup = 45EF7C8A2BF7E8540058F562;
			packageReferences = (
				45037DE92C00E5A50061F2F7 /* XCRemoteSwiftPackageReference "lottie-ios" */,
			);
			productRefGroup = 45EF7C942BF7E8540058F562 /* Products */;
			projectDirPath = "";
			projectRoot = "";
			targets = (
				45EF7C922BF7E8540058F562 /* GameBox-MVVM */,
			);
		};
/* End PBXProject section */

/* Begin PBXResourcesBuildPhase section */
		45EF7C912BF7E8540058F562 /* Resources */ = {
			isa = PBXResourcesBuildPhase;
			buildActionMask = 2147483647;
			files = (
				45340FA92C0004CD002D3A6B /* GamesCollectionViewCell.xib in Resources */,
				45037DEF2C00E7530061F2F7 /* pacman.json in Resources */,
				45037DED2C00E6E90061F2F7 /* mario.json in Resources */,
				45EF7CA32BF7E8550058F562 /* Assets.xcassets in Resources */,
				45EF7CA62BF7E8550058F562 /* Base in Resources */,
				45EF7C9E2BF7E8540058F562 /* Base in Resources */,
			);
			runOnlyForDeploymentPostprocessing = 0;
		};
/* End PBXResourcesBuildPhase section */

/* Begin PBXSourcesBuildPhase section */
		45EF7C8F2BF7E8540058F562 /* Sources */ = {
			isa = PBXSourcesBuildPhase;
			buildActionMask = 2147483647;
			files = (
				45D0F65C2BFD00B5006F2729 /* GameDetails.swift in Sources */,
				45EF7C9B2BF7E8540058F562 /* HomeViewController.swift in Sources */,
				45016DA32C01180100EDC5EE /* GamePageViewController.swift in Sources */,
				45EF7CA12BF7E8540058F562 /* GameBox_MVVM.xcdatamodeld in Sources */,
				45D0F6542BFCF2DF006F2729 /* UICollectionView.swift in Sources */,
				45EF7C972BF7E8540058F562 /* AppDelegate.swift in Sources */,
				45340FA82C0004CD002D3A6B /* GamesCollectionViewCell.swift in Sources */,
				45EF7C992BF7E8540058F562 /* SceneDelegate.swift in Sources */,
				45340FA32BFFABDE002D3A6B /* TypeAlias.swift in Sources */,
				45D0F6582BFCFF1C006F2729 /* Game.swift in Sources */,
				45340F9D2BFF8028002D3A6B /* LoadingView.swift in Sources */,
				45016DA72C011B2100EDC5EE /* GamePageView.swift in Sources */,
				45340F982BFF7491002D3A6B /* HomeViewModel.swift in Sources */,
				45D0F65A2BFD000C006F2729 /* APIRequest.swift in Sources */,
				45016DA52C01187500EDC5EE /* GamePageViewModel.swift in Sources */,
				45D0F6502BFCF2BE006F2729 /* Collection.swift in Sources */,
				45340F9A2BFF7F0A002D3A6B /* GamesUIModel.swift in Sources */,
				45EF7CBC2BFB81770058F562 /* API.swift in Sources */,
				45340FA52BFFADA3002D3A6B /* LoadingShowable.swift in Sources */,
				455131CA2C00B44F00530D2E /* AlertExtension.swift in Sources */,
				45D0F6562BFCF32C006F2729 /* ClassName.swift in Sources */,
			);
			runOnlyForDeploymentPostprocessing = 0;
		};
/* End PBXSourcesBuildPhase section */

/* Begin PBXVariantGroup section */
		45EF7C9C2BF7E8540058F562 /* Main.storyboard */ = {
			isa = PBXVariantGroup;
			children = (
				45EF7C9D2BF7E8540058F562 /* Base */,
			);
			name = Main.storyboard;
			sourceTree = "<group>";
		};
		45EF7CA42BF7E8550058F562 /* LaunchScreen.storyboard */ = {
			isa = PBXVariantGroup;
			children = (
				45EF7CA52BF7E8550058F562 /* Base */,
			);
			name = LaunchScreen.storyboard;
			sourceTree = "<group>";
		};
/* End PBXVariantGroup section */

/* Begin XCBuildConfiguration section */
		45EF7CA82BF7E8550058F562 /* Debug */ = {
			isa = XCBuildConfiguration;
			buildSettings = {
				ALWAYS_SEARCH_USER_PATHS = NO;
				ASSETCATALOG_COMPILER_GENERATE_SWIFT_ASSET_SYMBOL_EXTENSIONS = YES;
				CLANG_ANALYZER_NONNULL = YES;
				CLANG_ANALYZER_NUMBER_OBJECT_CONVERSION = YES_AGGRESSIVE;
				CLANG_CXX_LANGUAGE_STANDARD = "gnu++20";
				CLANG_ENABLE_MODULES = YES;
				CLANG_ENABLE_OBJC_ARC = YES;
				CLANG_ENABLE_OBJC_WEAK = YES;
				CLANG_WARN_BLOCK_CAPTURE_AUTORELEASING = YES;
				CLANG_WARN_BOOL_CONVERSION = YES;
				CLANG_WARN_COMMA = YES;
				CLANG_WARN_CONSTANT_CONVERSION = YES;
				CLANG_WARN_DEPRECATED_OBJC_IMPLEMENTATIONS = YES;
				CLANG_WARN_DIRECT_OBJC_ISA_USAGE = YES_ERROR;
				CLANG_WARN_DOCUMENTATION_COMMENTS = YES;
				CLANG_WARN_EMPTY_BODY = YES;
				CLANG_WARN_ENUM_CONVERSION = YES;
				CLANG_WARN_INFINITE_RECURSION = YES;
				CLANG_WARN_INT_CONVERSION = YES;
				CLANG_WARN_NON_LITERAL_NULL_CONVERSION = YES;
				CLANG_WARN_OBJC_IMPLICIT_RETAIN_SELF = YES;
				CLANG_WARN_OBJC_LITERAL_CONVERSION = YES;
				CLANG_WARN_OBJC_ROOT_CLASS = YES_ERROR;
				CLANG_WARN_QUOTED_INCLUDE_IN_FRAMEWORK_HEADER = YES;
				CLANG_WARN_RANGE_LOOP_ANALYSIS = YES;
				CLANG_WARN_STRICT_PROTOTYPES = YES;
				CLANG_WARN_SUSPICIOUS_MOVE = YES;
				CLANG_WARN_UNGUARDED_AVAILABILITY = YES_AGGRESSIVE;
				CLANG_WARN_UNREACHABLE_CODE = YES;
				CLANG_WARN__DUPLICATE_METHOD_MATCH = YES;
				COPY_PHASE_STRIP = NO;
				DEBUG_INFORMATION_FORMAT = dwarf;
				ENABLE_STRICT_OBJC_MSGSEND = YES;
				ENABLE_TESTABILITY = YES;
				ENABLE_USER_SCRIPT_SANDBOXING = YES;
				GCC_C_LANGUAGE_STANDARD = gnu17;
				GCC_DYNAMIC_NO_PIC = NO;
				GCC_NO_COMMON_BLOCKS = YES;
				GCC_OPTIMIZATION_LEVEL = 0;
				GCC_PREPROCESSOR_DEFINITIONS = (
					"DEBUG=1",
					"$(inherited)",
				);
				GCC_WARN_64_TO_32_BIT_CONVERSION = YES;
				GCC_WARN_ABOUT_RETURN_TYPE = YES_ERROR;
				GCC_WARN_UNDECLARED_SELECTOR = YES;
				GCC_WARN_UNINITIALIZED_AUTOS = YES_AGGRESSIVE;
				GCC_WARN_UNUSED_FUNCTION = YES;
				GCC_WARN_UNUSED_VARIABLE = YES;
				IPHONEOS_DEPLOYMENT_TARGET = 17.4;
				LOCALIZATION_PREFERS_STRING_CATALOGS = YES;
				MTL_ENABLE_DEBUG_INFO = INCLUDE_SOURCE;
				MTL_FAST_MATH = YES;
				ONLY_ACTIVE_ARCH = YES;
				SDKROOT = iphoneos;
				SWIFT_ACTIVE_COMPILATION_CONDITIONS = "DEBUG $(inherited)";
				SWIFT_OPTIMIZATION_LEVEL = "-Onone";
			};
			name = Debug;
		};
		45EF7CA92BF7E8550058F562 /* Release */ = {
			isa = XCBuildConfiguration;
			buildSettings = {
				ALWAYS_SEARCH_USER_PATHS = NO;
				ASSETCATALOG_COMPILER_GENERATE_SWIFT_ASSET_SYMBOL_EXTENSIONS = YES;
				CLANG_ANALYZER_NONNULL = YES;
				CLANG_ANALYZER_NUMBER_OBJECT_CONVERSION = YES_AGGRESSIVE;
				CLANG_CXX_LANGUAGE_STANDARD = "gnu++20";
				CLANG_ENABLE_MODULES = YES;
				CLANG_ENABLE_OBJC_ARC = YES;
				CLANG_ENABLE_OBJC_WEAK = YES;
				CLANG_WARN_BLOCK_CAPTURE_AUTORELEASING = YES;
				CLANG_WARN_BOOL_CONVERSION = YES;
				CLANG_WARN_COMMA = YES;
				CLANG_WARN_CONSTANT_CONVERSION = YES;
				CLANG_WARN_DEPRECATED_OBJC_IMPLEMENTATIONS = YES;
				CLANG_WARN_DIRECT_OBJC_ISA_USAGE = YES_ERROR;
				CLANG_WARN_DOCUMENTATION_COMMENTS = YES;
				CLANG_WARN_EMPTY_BODY = YES;
				CLANG_WARN_ENUM_CONVERSION = YES;
				CLANG_WARN_INFINITE_RECURSION = YES;
				CLANG_WARN_INT_CONVERSION = YES;
				CLANG_WARN_NON_LITERAL_NULL_CONVERSION = YES;
				CLANG_WARN_OBJC_IMPLICIT_RETAIN_SELF = YES;
				CLANG_WARN_OBJC_LITERAL_CONVERSION = YES;
				CLANG_WARN_OBJC_ROOT_CLASS = YES_ERROR;
				CLANG_WARN_QUOTED_INCLUDE_IN_FRAMEWORK_HEADER = YES;
				CLANG_WARN_RANGE_LOOP_ANALYSIS = YES;
				CLANG_WARN_STRICT_PROTOTYPES = YES;
				CLANG_WARN_SUSPICIOUS_MOVE = YES;
				CLANG_WARN_UNGUARDED_AVAILABILITY = YES_AGGRESSIVE;
				CLANG_WARN_UNREACHABLE_CODE = YES;
				CLANG_WARN__DUPLICATE_METHOD_MATCH = YES;
				COPY_PHASE_STRIP = NO;
				DEBUG_INFORMATION_FORMAT = "dwarf-with-dsym";
				ENABLE_NS_ASSERTIONS = NO;
				ENABLE_STRICT_OBJC_MSGSEND = YES;
				ENABLE_USER_SCRIPT_SANDBOXING = YES;
				GCC_C_LANGUAGE_STANDARD = gnu17;
				GCC_NO_COMMON_BLOCKS = YES;
				GCC_WARN_64_TO_32_BIT_CONVERSION = YES;
				GCC_WARN_ABOUT_RETURN_TYPE = YES_ERROR;
				GCC_WARN_UNDECLARED_SELECTOR = YES;
				GCC_WARN_UNINITIALIZED_AUTOS = YES_AGGRESSIVE;
				GCC_WARN_UNUSED_FUNCTION = YES;
				GCC_WARN_UNUSED_VARIABLE = YES;
				IPHONEOS_DEPLOYMENT_TARGET = 17.4;
				LOCALIZATION_PREFERS_STRING_CATALOGS = YES;
				MTL_ENABLE_DEBUG_INFO = NO;
				MTL_FAST_MATH = YES;
				SDKROOT = iphoneos;
				SWIFT_COMPILATION_MODE = wholemodule;
				VALIDATE_PRODUCT = YES;
			};
			name = Release;
		};
		45EF7CAB2BF7E8550058F562 /* Debug */ = {
			isa = XCBuildConfiguration;
			buildSettings = {
				ASSETCATALOG_COMPILER_APPICON_NAME = AppIcon;
				ASSETCATALOG_COMPILER_GLOBAL_ACCENT_COLOR_NAME = AccentColor;
				CODE_SIGN_STYLE = Automatic;
				CURRENT_PROJECT_VERSION = 1;
				DEVELOPMENT_TEAM = 6T3BXJ38KM;
				GENERATE_INFOPLIST_FILE = YES;
				INFOPLIST_FILE = "GameBox-MVVM/Info.plist";
				INFOPLIST_KEY_UIApplicationSupportsIndirectInputEvents = YES;
				INFOPLIST_KEY_UILaunchStoryboardName = LaunchScreen;
				INFOPLIST_KEY_UIMainStoryboardFile = Main;
				INFOPLIST_KEY_UISupportedInterfaceOrientations_iPad = "UIInterfaceOrientationPortrait UIInterfaceOrientationPortraitUpsideDown UIInterfaceOrientationLandscapeLeft UIInterfaceOrientationLandscapeRight";
				INFOPLIST_KEY_UISupportedInterfaceOrientations_iPhone = "UIInterfaceOrientationPortrait UIInterfaceOrientationLandscapeLeft UIInterfaceOrientationLandscapeRight";
				LD_RUNPATH_SEARCH_PATHS = (
					"$(inherited)",
					"@executable_path/Frameworks",
				);
				MARKETING_VERSION = 1.0;
				PRODUCT_BUNDLE_IDENTIFIER = "com.dogukan.GameBox-MVVM";
				PRODUCT_NAME = "$(TARGET_NAME)";
				SWIFT_EMIT_LOC_STRINGS = YES;
				SWIFT_VERSION = 5.0;
				TARGETED_DEVICE_FAMILY = "1,2";
			};
			name = Debug;
		};
		45EF7CAC2BF7E8550058F562 /* Release */ = {
			isa = XCBuildConfiguration;
			buildSettings = {
				ASSETCATALOG_COMPILER_APPICON_NAME = AppIcon;
				ASSETCATALOG_COMPILER_GLOBAL_ACCENT_COLOR_NAME = AccentColor;
				CODE_SIGN_STYLE = Automatic;
				CURRENT_PROJECT_VERSION = 1;
				DEVELOPMENT_TEAM = 6T3BXJ38KM;
				GENERATE_INFOPLIST_FILE = YES;
				INFOPLIST_FILE = "GameBox-MVVM/Info.plist";
				INFOPLIST_KEY_UIApplicationSupportsIndirectInputEvents = YES;
				INFOPLIST_KEY_UILaunchStoryboardName = LaunchScreen;
				INFOPLIST_KEY_UIMainStoryboardFile = Main;
				INFOPLIST_KEY_UISupportedInterfaceOrientations_iPad = "UIInterfaceOrientationPortrait UIInterfaceOrientationPortraitUpsideDown UIInterfaceOrientationLandscapeLeft UIInterfaceOrientationLandscapeRight";
				INFOPLIST_KEY_UISupportedInterfaceOrientations_iPhone = "UIInterfaceOrientationPortrait UIInterfaceOrientationLandscapeLeft UIInterfaceOrientationLandscapeRight";
				LD_RUNPATH_SEARCH_PATHS = (
					"$(inherited)",
					"@executable_path/Frameworks",
				);
				MARKETING_VERSION = 1.0;
				PRODUCT_BUNDLE_IDENTIFIER = "com.dogukan.GameBox-MVVM";
				PRODUCT_NAME = "$(TARGET_NAME)";
				SWIFT_EMIT_LOC_STRINGS = YES;
				SWIFT_VERSION = 5.0;
				TARGETED_DEVICE_FAMILY = "1,2";
			};
			name = Release;
		};
/* End XCBuildConfiguration section */

/* Begin XCConfigurationList section */
		45EF7C8E2BF7E8540058F562 /* Build configuration list for PBXProject "GameBox-MVVM" */ = {
			isa = XCConfigurationList;
			buildConfigurations = (
				45EF7CA82BF7E8550058F562 /* Debug */,
				45EF7CA92BF7E8550058F562 /* Release */,
			);
			defaultConfigurationIsVisible = 0;
			defaultConfigurationName = Release;
		};
		45EF7CAA2BF7E8550058F562 /* Build configuration list for PBXNativeTarget "GameBox-MVVM" */ = {
			isa = XCConfigurationList;
			buildConfigurations = (
				45EF7CAB2BF7E8550058F562 /* Debug */,
				45EF7CAC2BF7E8550058F562 /* Release */,
			);
			defaultConfigurationIsVisible = 0;
			defaultConfigurationName = Release;
		};
/* End XCConfigurationList section */

/* Begin XCRemoteSwiftPackageReference section */
		45037DE92C00E5A50061F2F7 /* XCRemoteSwiftPackageReference "lottie-ios" */ = {
			isa = XCRemoteSwiftPackageReference;
			repositoryURL = "https://github.com/airbnb/lottie-ios";
			requirement = {
				kind = upToNextMajorVersion;
				minimumVersion = 4.4.3;
			};
		};
/* End XCRemoteSwiftPackageReference section */

/* Begin XCSwiftPackageProductDependency section */
		45037DEA2C00E5A60061F2F7 /* Lottie */ = {
			isa = XCSwiftPackageProductDependency;
			package = 45037DE92C00E5A50061F2F7 /* XCRemoteSwiftPackageReference "lottie-ios" */;
			productName = Lottie;
		};
/* End XCSwiftPackageProductDependency section */

/* Begin XCVersionGroup section */
		45EF7C9F2BF7E8540058F562 /* GameBox_MVVM.xcdatamodeld */ = {
			isa = XCVersionGroup;
			children = (
				45EF7CA02BF7E8540058F562 /* GameBox_MVVM.xcdatamodel */,
			);
			currentVersion = 45EF7CA02BF7E8540058F562 /* GameBox_MVVM.xcdatamodel */;
			path = GameBox_MVVM.xcdatamodeld;
			sourceTree = "<group>";
			versionGroupType = wrapper.xcdatamodel;
		};
/* End XCVersionGroup section */
	};
	rootObject = 45EF7C8B2BF7E8540058F562 /* Project object */;
}
